
Microsoft Visual Studio Solution File, Format Version 12.00
# Visual Studio Version 17
VisualStudioVersion = 17.2.32602.215
MinimumVisualStudioVersion = 10.0.40219.1
Project("{FAE04EC0-301F-11D3-BF4B-00C04F79EFBC}") = "RPG Combined Madness", "RPG Combined Madness.csproj", "{8B99D346-0527-4F41-9C4F-6616E75FB3EE}"
EndProject
Global
	GlobalSection(SolutionConfigurationPlatforms) = preSolution
		Debug|Any CPU = Debug|Any CPU
		Release|Any CPU = Release|Any CPU
	EndGlobalSection
	GlobalSection(ProjectConfigurationPlatforms) = postSolution
		{8B99D346-0527-4F41-9C4F-6616E75FB3EE}.Debug|Any CPU.ActiveCfg = Debug|Any CPU
		{8B99D346-0527-4F41-9C4F-6616E75FB3EE}.Debug|Any CPU.Build.0 = Debug|Any CPU
		{8B99D346-0527-4F41-9C4F-6616E75FB3EE}.Release|Any CPU.ActiveCfg = Release|Any CPU
		{8B99D346-0527-4F41-9C4F-6616E75FB3EE}.Release|Any CPU.Build.0 = Release|Any CPU
	EndGlobalSection
	GlobalSection(SolutionProperties) = preSolution
		HideSolutionNode = FALSE
	EndGlobalSection
	GlobalSection(ExtensibilityGlobals) = postSolution
		SolutionGuid = {A8B4C756-3A13-4817-8A2C-94910C3965A0}
	EndGlobalSection
EndGlobal
